
Microsoft Visual Studio Solution File, Format Version 12.00
# Visual Studio Version 17
VisualStudioVersion = 17.11.35222.181
MinimumVisualStudioVersion = 10.0.40219.1
Project("{9A19103F-16F7-4668-BE54-9A1E7A4F7556}") = "IMS.WebApp", "IMS.WebApp\IMS.WebApp.csproj", "{F2008D0A-752C-4C09-A81A-E7C3E598F74E}"
EndProject
Project("{FAE04EC0-301F-11D3-BF4B-00C04F79EFBC}") = "IMS.UseCases", "IMS.UseCases\IMS.UseCases.csproj", "{560614F8-0C17-4B98-97F7-D2A250E25F37}"
EndProject
Project("{FAE04EC0-301F-11D3-BF4B-00C04F79EFBC}") = "IMS.CoreBusiness", "IMS.CoreBusiness\IMS.CoreBusiness.csproj", "{6E49165B-7CCF-48FD-97C3-5E650B396B31}"
EndProject
Global
	GlobalSection(SolutionConfigurationPlatforms) = preSolution
		Debug|Any CPU = Debug|Any CPU
		Release|Any CPU = Release|Any CPU
	EndGlobalSection
	GlobalSection(ProjectConfigurationPlatforms) = postSolution
		{F2008D0A-752C-4C09-A81A-E7C3E598F74E}.Debug|Any CPU.ActiveCfg = Debug|Any CPU
		{F2008D0A-752C-4C09-A81A-E7C3E598F74E}.Debug|Any CPU.Build.0 = Debug|Any CPU
		{F2008D0A-752C-4C09-A81A-E7C3E598F74E}.Release|Any CPU.ActiveCfg = Release|Any CPU
		{F2008D0A-752C-4C09-A81A-E7C3E598F74E}.Release|Any CPU.Build.0 = Release|Any CPU
		{560614F8-0C17-4B98-97F7-D2A250E25F37}.Debug|Any CPU.ActiveCfg = Debug|Any CPU
		{560614F8-0C17-4B98-97F7-D2A250E25F37}.Debug|Any CPU.Build.0 = Debug|Any CPU
		{560614F8-0C17-4B98-97F7-D2A250E25F37}.Release|Any CPU.ActiveCfg = Release|Any CPU
		{560614F8-0C17-4B98-97F7-D2A250E25F37}.Release|Any CPU.Build.0 = Release|Any CPU
		{6E49165B-7CCF-48FD-97C3-5E650B396B31}.Debug|Any CPU.ActiveCfg = Debug|Any CPU
		{6E49165B-7CCF-48FD-97C3-5E650B396B31}.Debug|Any CPU.Build.0 = Debug|Any CPU
		{6E49165B-7CCF-48FD-97C3-5E650B396B31}.Release|Any CPU.ActiveCfg = Release|Any CPU
		{6E49165B-7CCF-48FD-97C3-5E650B396B31}.Release|Any CPU.Build.0 = Release|Any CPU
	EndGlobalSection
	GlobalSection(SolutionProperties) = preSolution
		HideSolutionNode = FALSE
	EndGlobalSection
	GlobalSection(ExtensibilityGlobals) = postSolution
		SolutionGuid = {A254FCE6-3CF1-4338-8CD3-46EB9D79C22D}
	EndGlobalSection
EndGlobal
